// !$*UTF8*$!
{
	archiveVersion = 1;
	classes = {
	};
	objectVersion = 56;
	objects = {

/* Begin PBXBuildFile section */
		63AFB0D02AEFE83D00B97C52 /* CompletedGoalView.swift in Sources */ = {isa = PBXBuildFile; fileRef = 63AFB0CF2AEFE83D00B97C52 /* CompletedGoalView.swift */; };
		B3025FF12AD4C4E100365A8D /* gymtraineriosprojectApp.swift in Sources */ = {isa = PBXBuildFile; fileRef = B3025FF02AD4C4E100365A8D /* gymtraineriosprojectApp.swift */; };
		B3025FF32AD4C4E100365A8D /* ContentView.swift in Sources */ = {isa = PBXBuildFile; fileRef = B3025FF22AD4C4E100365A8D /* ContentView.swift */; };
		B3025FF52AD4C4E100365A8D /* Assets.xcassets in Resources */ = {isa = PBXBuildFile; fileRef = B3025FF42AD4C4E100365A8D /* Assets.xcassets */; };
		B3025FF82AD4C4E100365A8D /* Preview Assets.xcassets in Resources */ = {isa = PBXBuildFile; fileRef = B3025FF72AD4C4E100365A8D /* Preview Assets.xcassets */; };
		B30260022AD4C4E200365A8D /* gymtraineriosprojectTests.swift in Sources */ = {isa = PBXBuildFile; fileRef = B30260012AD4C4E200365A8D /* gymtraineriosprojectTests.swift */; };
		B302600C2AD4C4E200365A8D /* gymtraineriosprojectUITests.swift in Sources */ = {isa = PBXBuildFile; fileRef = B302600B2AD4C4E200365A8D /* gymtraineriosprojectUITests.swift */; };
		B302600E2AD4C4E200365A8D /* gymtraineriosprojectUITestsLaunchTests.swift in Sources */ = {isa = PBXBuildFile; fileRef = B302600D2AD4C4E200365A8D /* gymtraineriosprojectUITestsLaunchTests.swift */; };
		B302601D2AD4EB7600365A8D /* CurrentClientsView.swift in Sources */ = {isa = PBXBuildFile; fileRef = B302601C2AD4EB7600365A8D /* CurrentClientsView.swift */; };
		B302601F2AD4EBCA00365A8D /* SettingsView.swift in Sources */ = {isa = PBXBuildFile; fileRef = B302601E2AD4EBCA00365A8D /* SettingsView.swift */; };
		B30260212AD4F25700365A8D /* Client.swift in Sources */ = {isa = PBXBuildFile; fileRef = B30260202AD4F25700365A8D /* Client.swift */; };
		B30260242AD51EB100365A8D /* CurrentClientsViewModel.swift in Sources */ = {isa = PBXBuildFile; fileRef = B30260232AD51EB100365A8D /* CurrentClientsViewModel.swift */; };
		B30260262AD5223A00365A8D /* AddClientView.swift in Sources */ = {isa = PBXBuildFile; fileRef = B30260252AD5223A00365A8D /* AddClientView.swift */; };
		B302602A2AD522B000365A8D /* AddClientViewModel.swift in Sources */ = {isa = PBXBuildFile; fileRef = B30260292AD522B000365A8D /* AddClientViewModel.swift */; };
		B316F3342AE395D500FDB934 /* ProgressEntry.swift in Sources */ = {isa = PBXBuildFile; fileRef = B316F3332AE395D500FDB934 /* ProgressEntry.swift */; };
		B39A04F42ADCCDF100FE0704 /* ClientProgressViewModel.swift in Sources */ = {isa = PBXBuildFile; fileRef = B39A04F32ADCCDF100FE0704 /* ClientProgressViewModel.swift */; };
		B39A04F62ADCCE5600FE0704 /* ClientProgressView.swift in Sources */ = {isa = PBXBuildFile; fileRef = B39A04F52ADCCE5600FE0704 /* ClientProgressView.swift */; };
		B39A04F82ADCEDC900FE0704 /* AddProgressEntryView.swift in Sources */ = {isa = PBXBuildFile; fileRef = B39A04F72ADCEDC900FE0704 /* AddProgressEntryView.swift */; };
		B3FCBD442AF6C1B400CC480B /* Model.xcdatamodeld in Sources */ = {isa = PBXBuildFile; fileRef = B3FCBD422AF6C1B400CC480B /* Model.xcdatamodeld */; };
		B3FCBD462AF6C2F100CC480B /* Persistence.swift in Sources */ = {isa = PBXBuildFile; fileRef = B3FCBD452AF6C2F100CC480B /* Persistence.swift */; };
/* End PBXBuildFile section */

/* Begin PBXContainerItemProxy section */
		B3025FFE2AD4C4E200365A8D /* PBXContainerItemProxy */ = {
			isa = PBXContainerItemProxy;
			containerPortal = B3025FE52AD4C4E100365A8D /* Project object */;
			proxyType = 1;
			remoteGlobalIDString = B3025FEC2AD4C4E100365A8D;
			remoteInfo = gymtraineriosproject;
		};
		B30260082AD4C4E200365A8D /* PBXContainerItemProxy */ = {
			isa = PBXContainerItemProxy;
			containerPortal = B3025FE52AD4C4E100365A8D /* Project object */;
			proxyType = 1;
			remoteGlobalIDString = B3025FEC2AD4C4E100365A8D;
			remoteInfo = gymtraineriosproject;
		};
/* End PBXContainerItemProxy section */

/* Begin PBXFileReference section */
		63AFB0CF2AEFE83D00B97C52 /* CompletedGoalView.swift */ = {isa = PBXFileReference; lastKnownFileType = sourcecode.swift; path = CompletedGoalView.swift; sourceTree = "<group>"; };
		B3025FED2AD4C4E100365A8D /* gymtraineriosproject.app */ = {isa = PBXFileReference; explicitFileType = wrapper.application; includeInIndex = 0; path = gymtraineriosproject.app; sourceTree = BUILT_PRODUCTS_DIR; };
		B3025FF02AD4C4E100365A8D /* gymtraineriosprojectApp.swift */ = {isa = PBXFileReference; lastKnownFileType = sourcecode.swift; path = gymtraineriosprojectApp.swift; sourceTree = "<group>"; };
		B3025FF22AD4C4E100365A8D /* ContentView.swift */ = {isa = PBXFileReference; lastKnownFileType = sourcecode.swift; path = ContentView.swift; sourceTree = "<group>"; };
		B3025FF42AD4C4E100365A8D /* Assets.xcassets */ = {isa = PBXFileReference; lastKnownFileType = folder.assetcatalog; path = Assets.xcassets; sourceTree = "<group>"; };
		B3025FF72AD4C4E100365A8D /* Preview Assets.xcassets */ = {isa = PBXFileReference; lastKnownFileType = folder.assetcatalog; path = "Preview Assets.xcassets"; sourceTree = "<group>"; };
		B3025FFD2AD4C4E200365A8D /* gymtraineriosprojectTests.xctest */ = {isa = PBXFileReference; explicitFileType = wrapper.cfbundle; includeInIndex = 0; path = gymtraineriosprojectTests.xctest; sourceTree = BUILT_PRODUCTS_DIR; };
		B30260012AD4C4E200365A8D /* gymtraineriosprojectTests.swift */ = {isa = PBXFileReference; lastKnownFileType = sourcecode.swift; path = gymtraineriosprojectTests.swift; sourceTree = "<group>"; };
		B30260072AD4C4E200365A8D /* gymtraineriosprojectUITests.xctest */ = {isa = PBXFileReference; explicitFileType = wrapper.cfbundle; includeInIndex = 0; path = gymtraineriosprojectUITests.xctest; sourceTree = BUILT_PRODUCTS_DIR; };
		B302600B2AD4C4E200365A8D /* gymtraineriosprojectUITests.swift */ = {isa = PBXFileReference; lastKnownFileType = sourcecode.swift; path = gymtraineriosprojectUITests.swift; sourceTree = "<group>"; };
		B302600D2AD4C4E200365A8D /* gymtraineriosprojectUITestsLaunchTests.swift */ = {isa = PBXFileReference; lastKnownFileType = sourcecode.swift; path = gymtraineriosprojectUITestsLaunchTests.swift; sourceTree = "<group>"; };
		B302601C2AD4EB7600365A8D /* CurrentClientsView.swift */ = {isa = PBXFileReference; lastKnownFileType = sourcecode.swift; path = CurrentClientsView.swift; sourceTree = "<group>"; };
		B302601E2AD4EBCA00365A8D /* SettingsView.swift */ = {isa = PBXFileReference; lastKnownFileType = sourcecode.swift; path = SettingsView.swift; sourceTree = "<group>"; };
		B30260202AD4F25700365A8D /* Client.swift */ = {isa = PBXFileReference; lastKnownFileType = sourcecode.swift; path = Client.swift; sourceTree = "<group>"; };
		B30260232AD51EB100365A8D /* CurrentClientsViewModel.swift */ = {isa = PBXFileReference; lastKnownFileType = sourcecode.swift; path = CurrentClientsViewModel.swift; sourceTree = "<group>"; };
		B30260252AD5223A00365A8D /* AddClientView.swift */ = {isa = PBXFileReference; lastKnownFileType = sourcecode.swift; path = AddClientView.swift; sourceTree = "<group>"; };
		B30260292AD522B000365A8D /* AddClientViewModel.swift */ = {isa = PBXFileReference; lastKnownFileType = sourcecode.swift; path = AddClientViewModel.swift; sourceTree = "<group>"; };
		B316F3332AE395D500FDB934 /* ProgressEntry.swift */ = {isa = PBXFileReference; lastKnownFileType = sourcecode.swift; path = ProgressEntry.swift; sourceTree = "<group>"; };
		B39A04F32ADCCDF100FE0704 /* ClientProgressViewModel.swift */ = {isa = PBXFileReference; lastKnownFileType = sourcecode.swift; path = ClientProgressViewModel.swift; sourceTree = "<group>"; };
		B39A04F52ADCCE5600FE0704 /* ClientProgressView.swift */ = {isa = PBXFileReference; lastKnownFileType = sourcecode.swift; path = ClientProgressView.swift; sourceTree = "<group>"; };
		B39A04F72ADCEDC900FE0704 /* AddProgressEntryView.swift */ = {isa = PBXFileReference; lastKnownFileType = sourcecode.swift; path = AddProgressEntryView.swift; sourceTree = "<group>"; };
		B3FCBD432AF6C1B400CC480B /* Model.xcdatamodel */ = {isa = PBXFileReference; lastKnownFileType = wrapper.xcdatamodel; path = Model.xcdatamodel; sourceTree = "<group>"; };
		B3FCBD452AF6C2F100CC480B /* Persistence.swift */ = {isa = PBXFileReference; lastKnownFileType = sourcecode.swift; path = Persistence.swift; sourceTree = "<group>"; };
/* End PBXFileReference section */

/* Begin PBXFrameworksBuildPhase section */
		B3025FEA2AD4C4E100365A8D /* Frameworks */ = {
			isa = PBXFrameworksBuildPhase;
			buildActionMask = 2147483647;
			files = (
			);
			runOnlyForDeploymentPostprocessing = 0;
		};
		B3025FFA2AD4C4E200365A8D /* Frameworks */ = {
			isa = PBXFrameworksBuildPhase;
			buildActionMask = 2147483647;
			files = (
			);
			runOnlyForDeploymentPostprocessing = 0;
		};
		B30260042AD4C4E200365A8D /* Frameworks */ = {
			isa = PBXFrameworksBuildPhase;
			buildActionMask = 2147483647;
			files = (
			);
			runOnlyForDeploymentPostprocessing = 0;
		};
/* End PBXFrameworksBuildPhase section */

/* Begin PBXGroup section */
		B3025FE42AD4C4E100365A8D = {
			isa = PBXGroup;
			children = (
				B3FCBD452AF6C2F100CC480B /* Persistence.swift */,
				B3FCBD422AF6C1B400CC480B /* Model.xcdatamodeld */,
				B3025FEF2AD4C4E100365A8D /* gymtraineriosproject */,
				B30260002AD4C4E200365A8D /* gymtraineriosprojectTests */,
				B302600A2AD4C4E200365A8D /* gymtraineriosprojectUITests */,
				B3025FEE2AD4C4E100365A8D /* Products */,
			);
			sourceTree = "<group>";
		};
		B3025FEE2AD4C4E100365A8D /* Products */ = {
			isa = PBXGroup;
			children = (
				B3025FED2AD4C4E100365A8D /* gymtraineriosproject.app */,
				B3025FFD2AD4C4E200365A8D /* gymtraineriosprojectTests.xctest */,
				B30260072AD4C4E200365A8D /* gymtraineriosprojectUITests.xctest */,
			);
			name = Products;
			sourceTree = "<group>";
		};
		B3025FEF2AD4C4E100365A8D /* gymtraineriosproject */ = {
			isa = PBXGroup;
			children = (
				B30260282AD5226A00365A8D /* Views */,
				B30260272AD5225E00365A8D /* Models */,
				B30260222AD51E9800365A8D /* ViewModels */,
				B3025FF02AD4C4E100365A8D /* gymtraineriosprojectApp.swift */,
				B3025FF22AD4C4E100365A8D /* ContentView.swift */,
				B3025FF42AD4C4E100365A8D /* Assets.xcassets */,
				B3025FF62AD4C4E100365A8D /* Preview Content */,
			);
			path = gymtraineriosproject;
			sourceTree = "<group>";
		};
		B3025FF62AD4C4E100365A8D /* Preview Content */ = {
			isa = PBXGroup;
			children = (
				B3025FF72AD4C4E100365A8D /* Preview Assets.xcassets */,
			);
			path = "Preview Content";
			sourceTree = "<group>";
		};
		B30260002AD4C4E200365A8D /* gymtraineriosprojectTests */ = {
			isa = PBXGroup;
			children = (
				B30260012AD4C4E200365A8D /* gymtraineriosprojectTests.swift */,
			);
			path = gymtraineriosprojectTests;
			sourceTree = "<group>";
		};
		B302600A2AD4C4E200365A8D /* gymtraineriosprojectUITests */ = {
			isa = PBXGroup;
			children = (
				B302600B2AD4C4E200365A8D /* gymtraineriosprojectUITests.swift */,
				B302600D2AD4C4E200365A8D /* gymtraineriosprojectUITestsLaunchTests.swift */,
			);
			path = gymtraineriosprojectUITests;
			sourceTree = "<group>";
		};
		B30260222AD51E9800365A8D /* ViewModels */ = {
			isa = PBXGroup;
			children = (
				B30260232AD51EB100365A8D /* CurrentClientsViewModel.swift */,
				B30260292AD522B000365A8D /* AddClientViewModel.swift */,
				B39A04F32ADCCDF100FE0704 /* ClientProgressViewModel.swift */,
			);
			path = ViewModels;
			sourceTree = "<group>";
		};
		B30260272AD5225E00365A8D /* Models */ = {
			isa = PBXGroup;
			children = (
				B30260202AD4F25700365A8D /* Client.swift */,
				B316F3332AE395D500FDB934 /* ProgressEntry.swift */,
			);
			path = Models;
			sourceTree = "<group>";
		};
		B30260282AD5226A00365A8D /* Views */ = {
			isa = PBXGroup;
			children = (
				B30260252AD5223A00365A8D /* AddClientView.swift */,
				B302601E2AD4EBCA00365A8D /* SettingsView.swift */,
				B302601C2AD4EB7600365A8D /* CurrentClientsView.swift */,
				B39A04F52ADCCE5600FE0704 /* ClientProgressView.swift */,
				B39A04F72ADCEDC900FE0704 /* AddProgressEntryView.swift */,
				63AFB0CF2AEFE83D00B97C52 /* CompletedGoalView.swift */,
			);
			path = Views;
			sourceTree = "<group>";
		};
/* End PBXGroup section */

/* Begin PBXNativeTarget section */
		B3025FEC2AD4C4E100365A8D /* gymtraineriosproject */ = {
			isa = PBXNativeTarget;
			buildConfigurationList = B30260112AD4C4E200365A8D /* Build configuration list for PBXNativeTarget "gymtraineriosproject" */;
			buildPhases = (
				B3025FE92AD4C4E100365A8D /* Sources */,
				B3025FEA2AD4C4E100365A8D /* Frameworks */,
				B3025FEB2AD4C4E100365A8D /* Resources */,
			);
			buildRules = (
			);
			dependencies = (
			);
			name = gymtraineriosproject;
			productName = gymtraineriosproject;
			productReference = B3025FED2AD4C4E100365A8D /* gymtraineriosproject.app */;
			productType = "com.apple.product-type.application";
		};
		B3025FFC2AD4C4E200365A8D /* gymtraineriosprojectTests */ = {
			isa = PBXNativeTarget;
			buildConfigurationList = B30260142AD4C4E200365A8D /* Build configuration list for PBXNativeTarget "gymtraineriosprojectTests" */;
			buildPhases = (
				B3025FF92AD4C4E200365A8D /* Sources */,
				B3025FFA2AD4C4E200365A8D /* Frameworks */,
				B3025FFB2AD4C4E200365A8D /* Resources */,
			);
			buildRules = (
			);
			dependencies = (
				B3025FFF2AD4C4E200365A8D /* PBXTargetDependency */,
			);
			name = gymtraineriosprojectTests;
			productName = gymtraineriosprojectTests;
			productReference = B3025FFD2AD4C4E200365A8D /* gymtraineriosprojectTests.xctest */;
			productType = "com.apple.product-type.bundle.unit-test";
		};
		B30260062AD4C4E200365A8D /* gymtraineriosprojectUITests */ = {
			isa = PBXNativeTarget;
			buildConfigurationList = B30260172AD4C4E200365A8D /* Build configuration list for PBXNativeTarget "gymtraineriosprojectUITests" */;
			buildPhases = (
				B30260032AD4C4E200365A8D /* Sources */,
				B30260042AD4C4E200365A8D /* Frameworks */,
				B30260052AD4C4E200365A8D /* Resources */,
			);
			buildRules = (
			);
			dependencies = (
				B30260092AD4C4E200365A8D /* PBXTargetDependency */,
			);
			name = gymtraineriosprojectUITests;
			productName = gymtraineriosprojectUITests;
			productReference = B30260072AD4C4E200365A8D /* gymtraineriosprojectUITests.xctest */;
			productType = "com.apple.product-type.bundle.ui-testing";
		};
/* End PBXNativeTarget section */

/* Begin PBXProject section */
		B3025FE52AD4C4E100365A8D /* Project object */ = {
			isa = PBXProject;
			attributes = {
				BuildIndependentTargetsInParallel = 1;
				LastSwiftUpdateCheck = 1430;
				LastUpgradeCheck = 1500;
				TargetAttributes = {
					B3025FEC2AD4C4E100365A8D = {
						CreatedOnToolsVersion = 14.3.1;
					};
					B3025FFC2AD4C4E200365A8D = {
						CreatedOnToolsVersion = 14.3.1;
						TestTargetID = B3025FEC2AD4C4E100365A8D;
					};
					B30260062AD4C4E200365A8D = {
						CreatedOnToolsVersion = 14.3.1;
						TestTargetID = B3025FEC2AD4C4E100365A8D;
					};
				};
			};
			buildConfigurationList = B3025FE82AD4C4E100365A8D /* Build configuration list for PBXProject "gymtraineriosproject" */;
			compatibilityVersion = "Xcode 14.0";
			developmentRegion = en;
			hasScannedForEncodings = 0;
			knownRegions = (
				en,
				Base,
			);
			mainGroup = B3025FE42AD4C4E100365A8D;
			productRefGroup = B3025FEE2AD4C4E100365A8D /* Products */;
			projectDirPath = "";
			projectRoot = "";
			targets = (
				B3025FEC2AD4C4E100365A8D /* gymtraineriosproject */,
				B3025FFC2AD4C4E200365A8D /* gymtraineriosprojectTests */,
				B30260062AD4C4E200365A8D /* gymtraineriosprojectUITests */,
			);
		};
/* End PBXProject section */

/* Begin PBXResourcesBuildPhase section */
		B3025FEB2AD4C4E100365A8D /* Resources */ = {
			isa = PBXResourcesBuildPhase;
			buildActionMask = 2147483647;
			files = (
				B3025FF82AD4C4E100365A8D /* Preview Assets.xcassets in Resources */,
				B3025FF52AD4C4E100365A8D /* Assets.xcassets in Resources */,
			);
			runOnlyForDeploymentPostprocessing = 0;
		};
		B3025FFB2AD4C4E200365A8D /* Resources */ = {
			isa = PBXResourcesBuildPhase;
			buildActionMask = 2147483647;
			files = (
			);
			runOnlyForDeploymentPostprocessing = 0;
		};
		B30260052AD4C4E200365A8D /* Resources */ = {
			isa = PBXResourcesBuildPhase;
			buildActionMask = 2147483647;
			files = (
			);
			runOnlyForDeploymentPostprocessing = 0;
		};
/* End PBXResourcesBuildPhase section */

/* Begin PBXSourcesBuildPhase section */
		B3025FE92AD4C4E100365A8D /* Sources */ = {
			isa = PBXSourcesBuildPhase;
			buildActionMask = 2147483647;
			files = (
				B39A04F42ADCCDF100FE0704 /* ClientProgressViewModel.swift in Sources */,
				B316F3342AE395D500FDB934 /* ProgressEntry.swift in Sources */,
				B30260262AD5223A00365A8D /* AddClientView.swift in Sources */,
				B3FCBD442AF6C1B400CC480B /* Model.xcdatamodeld in Sources */,
				B39A04F62ADCCE5600FE0704 /* ClientProgressView.swift in Sources */,
				B3025FF32AD4C4E100365A8D /* ContentView.swift in Sources */,
				B302601F2AD4EBCA00365A8D /* SettingsView.swift in Sources */,
				B302601D2AD4EB7600365A8D /* CurrentClientsView.swift in Sources */,
				B30260242AD51EB100365A8D /* CurrentClientsViewModel.swift in Sources */,
				B3FCBD462AF6C2F100CC480B /* Persistence.swift in Sources */,
				B30260212AD4F25700365A8D /* Client.swift in Sources */,
				B3025FF12AD4C4E100365A8D /* gymtraineriosprojectApp.swift in Sources */,
				63AFB0D02AEFE83D00B97C52 /* CompletedGoalView.swift in Sources */,
				B39A04F82ADCEDC900FE0704 /* AddProgressEntryView.swift in Sources */,
				B302602A2AD522B000365A8D /* AddClientViewModel.swift in Sources */,
			);
			runOnlyForDeploymentPostprocessing = 0;
		};
		B3025FF92AD4C4E200365A8D /* Sources */ = {
			isa = PBXSourcesBuildPhase;
			buildActionMask = 2147483647;
			files = (
				B30260022AD4C4E200365A8D /* gymtraineriosprojectTests.swift in Sources */,
			);
			runOnlyForDeploymentPostprocessing = 0;
		};
		B30260032AD4C4E200365A8D /* Sources */ = {
			isa = PBXSourcesBuildPhase;
			buildActionMask = 2147483647;
			files = (
				B302600E2AD4C4E200365A8D /* gymtraineriosprojectUITestsLaunchTests.swift in Sources */,
				B302600C2AD4C4E200365A8D /* gymtraineriosprojectUITests.swift in Sources */,
			);
			runOnlyForDeploymentPostprocessing = 0;
		};
/* End PBXSourcesBuildPhase section */

/* Begin PBXTargetDependency section */
		B3025FFF2AD4C4E200365A8D /* PBXTargetDependency */ = {
			isa = PBXTargetDependency;
			target = B3025FEC2AD4C4E100365A8D /* gymtraineriosproject */;
			targetProxy = B3025FFE2AD4C4E200365A8D /* PBXContainerItemProxy */;
		};
		B30260092AD4C4E200365A8D /* PBXTargetDependency */ = {
			isa = PBXTargetDependency;
			target = B3025FEC2AD4C4E100365A8D /* gymtraineriosproject */;
			targetProxy = B30260082AD4C4E200365A8D /* PBXContainerItemProxy */;
		};
/* End PBXTargetDependency section */

/* Begin XCBuildConfiguration section */
		B302600F2AD4C4E200365A8D /* Debug */ = {
			isa = XCBuildConfiguration;
			buildSettings = {
				ALWAYS_SEARCH_USER_PATHS = NO;
				CLANG_ANALYZER_NONNULL = YES;
				CLANG_ANALYZER_NUMBER_OBJECT_CONVERSION = YES_AGGRESSIVE;
				CLANG_CXX_LANGUAGE_STANDARD = "gnu++20";
				CLANG_ENABLE_MODULES = YES;
				CLANG_ENABLE_OBJC_ARC = YES;
				CLANG_ENABLE_OBJC_WEAK = YES;
				CLANG_WARN_BLOCK_CAPTURE_AUTORELEASING = YES;
				CLANG_WARN_BOOL_CONVERSION = YES;
				CLANG_WARN_COMMA = YES;
				CLANG_WARN_CONSTANT_CONVERSION = YES;
				CLANG_WARN_DEPRECATED_OBJC_IMPLEMENTATIONS = YES;
				CLANG_WARN_DIRECT_OBJC_ISA_USAGE = YES_ERROR;
				CLANG_WARN_DOCUMENTATION_COMMENTS = YES;
				CLANG_WARN_EMPTY_BODY = YES;
				CLANG_WARN_ENUM_CONVERSION = YES;
				CLANG_WARN_INFINITE_RECURSION = YES;
				CLANG_WARN_INT_CONVERSION = YES;
				CLANG_WARN_NON_LITERAL_NULL_CONVERSION = YES;
				CLANG_WARN_OBJC_IMPLICIT_RETAIN_SELF = YES;
				CLANG_WARN_OBJC_LITERAL_CONVERSION = YES;
				CLANG_WARN_OBJC_ROOT_CLASS = YES_ERROR;
				CLANG_WARN_QUOTED_INCLUDE_IN_FRAMEWORK_HEADER = YES;
				CLANG_WARN_RANGE_LOOP_ANALYSIS = YES;
				CLANG_WARN_STRICT_PROTOTYPES = YES;
				CLANG_WARN_SUSPICIOUS_MOVE = YES;
				CLANG_WARN_UNGUARDED_AVAILABILITY = YES_AGGRESSIVE;
				CLANG_WARN_UNREACHABLE_CODE = YES;
				CLANG_WARN__DUPLICATE_METHOD_MATCH = YES;
				COPY_PHASE_STRIP = NO;
				DEBUG_INFORMATION_FORMAT = dwarf;
				ENABLE_STRICT_OBJC_MSGSEND = YES;
				ENABLE_TESTABILITY = YES;
				ENABLE_USER_SCRIPT_SANDBOXING = YES;
				GCC_C_LANGUAGE_STANDARD = gnu11;
				GCC_DYNAMIC_NO_PIC = NO;
				GCC_NO_COMMON_BLOCKS = YES;
				GCC_OPTIMIZATION_LEVEL = 0;
				GCC_PREPROCESSOR_DEFINITIONS = (
					"DEBUG=1",
					"$(inherited)",
				);
				GCC_WARN_64_TO_32_BIT_CONVERSION = YES;
				GCC_WARN_ABOUT_RETURN_TYPE = YES_ERROR;
				GCC_WARN_UNDECLARED_SELECTOR = YES;
				GCC_WARN_UNINITIALIZED_AUTOS = YES_AGGRESSIVE;
				GCC_WARN_UNUSED_FUNCTION = YES;
				GCC_WARN_UNUSED_VARIABLE = YES;
				IPHONEOS_DEPLOYMENT_TARGET = 17.0;
				MTL_ENABLE_DEBUG_INFO = INCLUDE_SOURCE;
				MTL_FAST_MATH = YES;
				ONLY_ACTIVE_ARCH = YES;
				SDKROOT = iphoneos;
				SWIFT_ACTIVE_COMPILATION_CONDITIONS = DEBUG;
				SWIFT_OPTIMIZATION_LEVEL = "-Onone";
			};
			name = Debug;
		};
		B30260102AD4C4E200365A8D /* Release */ = {
			isa = XCBuildConfiguration;
			buildSettings = {
				ALWAYS_SEARCH_USER_PATHS = NO;
				CLANG_ANALYZER_NONNULL = YES;
				CLANG_ANALYZER_NUMBER_OBJECT_CONVERSION = YES_AGGRESSIVE;
				CLANG_CXX_LANGUAGE_STANDARD = "gnu++20";
				CLANG_ENABLE_MODULES = YES;
				CLANG_ENABLE_OBJC_ARC = YES;
				CLANG_ENABLE_OBJC_WEAK = YES;
				CLANG_WARN_BLOCK_CAPTURE_AUTORELEASING = YES;
				CLANG_WARN_BOOL_CONVERSION = YES;
				CLANG_WARN_COMMA = YES;
				CLANG_WARN_CONSTANT_CONVERSION = YES;
				CLANG_WARN_DEPRECATED_OBJC_IMPLEMENTATIONS = YES;
				CLANG_WARN_DIRECT_OBJC_ISA_USAGE = YES_ERROR;
				CLANG_WARN_DOCUMENTATION_COMMENTS = YES;
				CLANG_WARN_EMPTY_BODY = YES;
				CLANG_WARN_ENUM_CONVERSION = YES;
				CLANG_WARN_INFINITE_RECURSION = YES;
				CLANG_WARN_INT_CONVERSION = YES;
				CLANG_WARN_NON_LITERAL_NULL_CONVERSION = YES;
				CLANG_WARN_OBJC_IMPLICIT_RETAIN_SELF = YES;
				CLANG_WARN_OBJC_LITERAL_CONVERSION = YES;
				CLANG_WARN_OBJC_ROOT_CLASS = YES_ERROR;
				CLANG_WARN_QUOTED_INCLUDE_IN_FRAMEWORK_HEADER = YES;
				CLANG_WARN_RANGE_LOOP_ANALYSIS = YES;
				CLANG_WARN_STRICT_PROTOTYPES = YES;
				CLANG_WARN_SUSPICIOUS_MOVE = YES;
				CLANG_WARN_UNGUARDED_AVAILABILITY = YES_AGGRESSIVE;
				CLANG_WARN_UNREACHABLE_CODE = YES;
				CLANG_WARN__DUPLICATE_METHOD_MATCH = YES;
				COPY_PHASE_STRIP = NO;
				DEBUG_INFORMATION_FORMAT = "dwarf-with-dsym";
				ENABLE_NS_ASSERTIONS = NO;
				ENABLE_STRICT_OBJC_MSGSEND = YES;
				ENABLE_USER_SCRIPT_SANDBOXING = YES;
				GCC_C_LANGUAGE_STANDARD = gnu11;
				GCC_NO_COMMON_BLOCKS = YES;
				GCC_WARN_64_TO_32_BIT_CONVERSION = YES;
				GCC_WARN_ABOUT_RETURN_TYPE = YES_ERROR;
				GCC_WARN_UNDECLARED_SELECTOR = YES;
				GCC_WARN_UNINITIALIZED_AUTOS = YES_AGGRESSIVE;
				GCC_WARN_UNUSED_FUNCTION = YES;
				GCC_WARN_UNUSED_VARIABLE = YES;
				IPHONEOS_DEPLOYMENT_TARGET = 17.0;
				MTL_ENABLE_DEBUG_INFO = NO;
				MTL_FAST_MATH = YES;
				SDKROOT = iphoneos;
				SWIFT_COMPILATION_MODE = wholemodule;
				SWIFT_OPTIMIZATION_LEVEL = "-O";
				VALIDATE_PRODUCT = YES;
			};
			name = Release;
		};
		B30260122AD4C4E200365A8D /* Debug */ = {
			isa = XCBuildConfiguration;
			buildSettings = {
				ASSETCATALOG_COMPILER_APPICON_NAME = AppIcon;
				ASSETCATALOG_COMPILER_GLOBAL_ACCENT_COLOR_NAME = AccentColor;
				CODE_SIGN_STYLE = Automatic;
				CURRENT_PROJECT_VERSION = 1;
				DEVELOPMENT_ASSET_PATHS = "\"gymtraineriosproject/Preview Content\"";
				DEVELOPMENT_TEAM = 77M647MZAL;
				ENABLE_PREVIEWS = YES;
				GENERATE_INFOPLIST_FILE = YES;
				INFOPLIST_KEY_UIApplicationSceneManifest_Generation = YES;
				INFOPLIST_KEY_UIApplicationSupportsIndirectInputEvents = YES;
				INFOPLIST_KEY_UILaunchScreen_Generation = YES;
				INFOPLIST_KEY_UISupportedInterfaceOrientations_iPad = "UIInterfaceOrientationPortrait UIInterfaceOrientationPortraitUpsideDown UIInterfaceOrientationLandscapeLeft UIInterfaceOrientationLandscapeRight";
				INFOPLIST_KEY_UISupportedInterfaceOrientations_iPhone = "UIInterfaceOrientationPortrait UIInterfaceOrientationLandscapeLeft UIInterfaceOrientationLandscapeRight";
				LD_RUNPATH_SEARCH_PATHS = (
					"$(inherited)",
					"@executable_path/Frameworks",
				);
				MARKETING_VERSION = 1.0;
				PRODUCT_BUNDLE_IDENTIFIER = app.gymtraineriosproject;
				PRODUCT_NAME = "$(TARGET_NAME)";
				SWIFT_EMIT_LOC_STRINGS = YES;
				SWIFT_VERSION = 5.0;
				TARGETED_DEVICE_FAMILY = "1,2";
			};
			name = Debug;
		};
		B30260132AD4C4E200365A8D /* Release */ = {
			isa = XCBuildConfiguration;
			buildSettings = {
				ASSETCATALOG_COMPILER_APPICON_NAME = AppIcon;
				ASSETCATALOG_COMPILER_GLOBAL_ACCENT_COLOR_NAME = AccentColor;
				CODE_SIGN_STYLE = Automatic;
				CURRENT_PROJECT_VERSION = 1;
				DEVELOPMENT_ASSET_PATHS = "\"gymtraineriosproject/Preview Content\"";
				DEVELOPMENT_TEAM = 77M647MZAL;
				ENABLE_PREVIEWS = YES;
				GENERATE_INFOPLIST_FILE = YES;
				INFOPLIST_KEY_UIApplicationSceneManifest_Generation = YES;
				INFOPLIST_KEY_UIApplicationSupportsIndirectInputEvents = YES;
				INFOPLIST_KEY_UILaunchScreen_Generation = YES;
				INFOPLIST_KEY_UISupportedInterfaceOrientations_iPad = "UIInterfaceOrientationPortrait UIInterfaceOrientationPortraitUpsideDown UIInterfaceOrientationLandscapeLeft UIInterfaceOrientationLandscapeRight";
				INFOPLIST_KEY_UISupportedInterfaceOrientations_iPhone = "UIInterfaceOrientationPortrait UIInterfaceOrientationLandscapeLeft UIInterfaceOrientationLandscapeRight";
				LD_RUNPATH_SEARCH_PATHS = (
					"$(inherited)",
					"@executable_path/Frameworks",
				);
				MARKETING_VERSION = 1.0;
				PRODUCT_BUNDLE_IDENTIFIER = app.gymtraineriosproject;
				PRODUCT_NAME = "$(TARGET_NAME)";
				SWIFT_EMIT_LOC_STRINGS = YES;
				SWIFT_VERSION = 5.0;
				TARGETED_DEVICE_FAMILY = "1,2";
			};
			name = Release;
		};
		B30260152AD4C4E200365A8D /* Debug */ = {
			isa = XCBuildConfiguration;
			buildSettings = {
				ALWAYS_EMBED_SWIFT_STANDARD_LIBRARIES = YES;
				BUNDLE_LOADER = "$(TEST_HOST)";
				CODE_SIGN_STYLE = Automatic;
				CURRENT_PROJECT_VERSION = 1;
				DEVELOPMENT_TEAM = 77M647MZAL;
				GENERATE_INFOPLIST_FILE = YES;
				IPHONEOS_DEPLOYMENT_TARGET = 16.4;
				MARKETING_VERSION = 1.0;
				PRODUCT_BUNDLE_IDENTIFIER = app.gymtraineriosprojectTests;
				PRODUCT_NAME = "$(TARGET_NAME)";
				SWIFT_EMIT_LOC_STRINGS = NO;
				SWIFT_VERSION = 5.0;
				TARGETED_DEVICE_FAMILY = "1,2";
				TEST_HOST = "$(BUILT_PRODUCTS_DIR)/gymtraineriosproject.app/$(BUNDLE_EXECUTABLE_FOLDER_PATH)/gymtraineriosproject";
			};
			name = Debug;
		};
		B30260162AD4C4E200365A8D /* Release */ = {
			isa = XCBuildConfiguration;
			buildSettings = {
				ALWAYS_EMBED_SWIFT_STANDARD_LIBRARIES = YES;
				BUNDLE_LOADER = "$(TEST_HOST)";
				CODE_SIGN_STYLE = Automatic;
				CURRENT_PROJECT_VERSION = 1;
				DEVELOPMENT_TEAM = 77M647MZAL;
				GENERATE_INFOPLIST_FILE = YES;
				IPHONEOS_DEPLOYMENT_TARGET = 16.4;
				MARKETING_VERSION = 1.0;
				PRODUCT_BUNDLE_IDENTIFIER = app.gymtraineriosprojectTests;
				PRODUCT_NAME = "$(TARGET_NAME)";
				SWIFT_EMIT_LOC_STRINGS = NO;
				SWIFT_VERSION = 5.0;
				TARGETED_DEVICE_FAMILY = "1,2";
				TEST_HOST = "$(BUILT_PRODUCTS_DIR)/gymtraineriosproject.app/$(BUNDLE_EXECUTABLE_FOLDER_PATH)/gymtraineriosproject";
			};
			name = Release;
		};
		B30260182AD4C4E200365A8D /* Debug */ = {
			isa = XCBuildConfiguration;
			buildSettings = {
				ALWAYS_EMBED_SWIFT_STANDARD_LIBRARIES = YES;
				CODE_SIGN_STYLE = Automatic;
				CURRENT_PROJECT_VERSION = 1;
				DEVELOPMENT_TEAM = 77M647MZAL;
				GENERATE_INFOPLIST_FILE = YES;
				MARKETING_VERSION = 1.0;
				PRODUCT_BUNDLE_IDENTIFIER = app.gymtraineriosprojectUITests;
				PRODUCT_NAME = "$(TARGET_NAME)";
				SWIFT_EMIT_LOC_STRINGS = NO;
				SWIFT_VERSION = 5.0;
				TARGETED_DEVICE_FAMILY = "1,2";
				TEST_TARGET_NAME = gymtraineriosproject;
			};
			name = Debug;
		};
		B30260192AD4C4E200365A8D /* Release */ = {
			isa = XCBuildConfiguration;
			buildSettings = {
				ALWAYS_EMBED_SWIFT_STANDARD_LIBRARIES = YES;
				CODE_SIGN_STYLE = Automatic;
				CURRENT_PROJECT_VERSION = 1;
				DEVELOPMENT_TEAM = 77M647MZAL;
				GENERATE_INFOPLIST_FILE = YES;
				MARKETING_VERSION = 1.0;
				PRODUCT_BUNDLE_IDENTIFIER = app.gymtraineriosprojectUITests;
				PRODUCT_NAME = "$(TARGET_NAME)";
				SWIFT_EMIT_LOC_STRINGS = NO;
				SWIFT_VERSION = 5.0;
				TARGETED_DEVICE_FAMILY = "1,2";
				TEST_TARGET_NAME = gymtraineriosproject;
			};
			name = Release;
		};
/* End XCBuildConfiguration section */

/* Begin XCConfigurationList section */
		B3025FE82AD4C4E100365A8D /* Build configuration list for PBXProject "gymtraineriosproject" */ = {
			isa = XCConfigurationList;
			buildConfigurations = (
				B302600F2AD4C4E200365A8D /* Debug */,
				B30260102AD4C4E200365A8D /* Release */,
			);
			defaultConfigurationIsVisible = 0;
			defaultConfigurationName = Release;
		};
		B30260112AD4C4E200365A8D /* Build configuration list for PBXNativeTarget "gymtraineriosproject" */ = {
			isa = XCConfigurationList;
			buildConfigurations = (
				B30260122AD4C4E200365A8D /* Debug */,
				B30260132AD4C4E200365A8D /* Release */,
			);
			defaultConfigurationIsVisible = 0;
			defaultConfigurationName = Release;
		};
		B30260142AD4C4E200365A8D /* Build configuration list for PBXNativeTarget "gymtraineriosprojectTests" */ = {
			isa = XCConfigurationList;
			buildConfigurations = (
				B30260152AD4C4E200365A8D /* Debug */,
				B30260162AD4C4E200365A8D /* Release */,
			);
			defaultConfigurationIsVisible = 0;
			defaultConfigurationName = Release;
		};
		B30260172AD4C4E200365A8D /* Build configuration list for PBXNativeTarget "gymtraineriosprojectUITests" */ = {
			isa = XCConfigurationList;
			buildConfigurations = (
				B30260182AD4C4E200365A8D /* Debug */,
				B30260192AD4C4E200365A8D /* Release */,
			);
			defaultConfigurationIsVisible = 0;
			defaultConfigurationName = Release;
		};
/* End XCConfigurationList section */

/* Begin XCVersionGroup section */
		B3FCBD422AF6C1B400CC480B /* Model.xcdatamodeld */ = {
			isa = XCVersionGroup;
			children = (
				B3FCBD432AF6C1B400CC480B /* Model.xcdatamodel */,
			);
			currentVersion = B3FCBD432AF6C1B400CC480B /* Model.xcdatamodel */;
			path = Model.xcdatamodeld;
			sourceTree = "<group>";
			versionGroupType = wrapper.xcdatamodel;
		};
/* End XCVersionGroup section */
	};
	rootObject = B3025FE52AD4C4E100365A8D /* Project object */;
}
